// !$*UTF8*$!
{
	archiveVersion = 1;
	classes = {
	};
	objectVersion = 51;
	objects = {

/* Begin PBXBuildFile section */
		4A3C4F2C222A3A98A9A22F20 /* Pods_GithubPublicRepositories.framework in Frameworks */ = {isa = PBXBuildFile; fileRef = EB36EAF8C476926447295FD6 /* Pods_GithubPublicRepositories.framework */; };
		A867FDC525B805E200EE1BF2 /* Coordinator.swift in Sources */ = {isa = PBXBuildFile; fileRef = A867FDC425B805E200EE1BF2 /* Coordinator.swift */; };
		A867FDC825B805F000EE1BF2 /* Presentable.swift in Sources */ = {isa = PBXBuildFile; fileRef = A867FDC725B805F000EE1BF2 /* Presentable.swift */; };
		A867FDCB25B805FF00EE1BF2 /* Router.swift in Sources */ = {isa = PBXBuildFile; fileRef = A867FDCA25B805FF00EE1BF2 /* Router.swift */; };
		A867FDCE25B8062200EE1BF2 /* BaseCoordinator.swift in Sources */ = {isa = PBXBuildFile; fileRef = A867FDCD25B8062200EE1BF2 /* BaseCoordinator.swift */; };
		A867FDD125B8068500EE1BF2 /* AppCoordinator.swift in Sources */ = {isa = PBXBuildFile; fileRef = A867FDD025B8068500EE1BF2 /* AppCoordinator.swift */; };
		A867FDD525B806C200EE1BF2 /* CoordinatorFactory.swift in Sources */ = {isa = PBXBuildFile; fileRef = A867FDD425B806C200EE1BF2 /* CoordinatorFactory.swift */; };
		A867FDDA25B80CD100EE1BF2 /* PublicRepositoriesListCoordinator.swift in Sources */ = {isa = PBXBuildFile; fileRef = A867FDD925B80CD100EE1BF2 /* PublicRepositoriesListCoordinator.swift */; };
		A867FDDF25B80EF000EE1BF2 /* PublicRepositoriesModuleFactory.swift in Sources */ = {isa = PBXBuildFile; fileRef = A867FDDE25B80EF000EE1BF2 /* PublicRepositoriesModuleFactory.swift */; };
		A867FDE225B80F9700EE1BF2 /* ModuleFactoryImpl.swift in Sources */ = {isa = PBXBuildFile; fileRef = A867FDE125B80F9700EE1BF2 /* ModuleFactoryImpl.swift */; };
		A867FDE525B810E400EE1BF2 /* PublicRepositoriesListOutput.swift in Sources */ = {isa = PBXBuildFile; fileRef = A867FDE425B810E400EE1BF2 /* PublicRepositoriesListOutput.swift */; };
		A867FDE925B8119500EE1BF2 /* PublicRepositoriesListViewController.swift in Sources */ = {isa = PBXBuildFile; fileRef = A867FDE825B8119500EE1BF2 /* PublicRepositoriesListViewController.swift */; };
		A867FDED25B811B300EE1BF2 /* PublicRepositoriesListView.swift in Sources */ = {isa = PBXBuildFile; fileRef = A867FDEC25B811B300EE1BF2 /* PublicRepositoriesListView.swift */; };
		A867FDF025B811C500EE1BF2 /* BaseView.swift in Sources */ = {isa = PBXBuildFile; fileRef = A867FDEF25B811C500EE1BF2 /* BaseView.swift */; };
		A867FDF525B8146900EE1BF2 /* PublicRepositoriesListViewModelOutput.swift in Sources */ = {isa = PBXBuildFile; fileRef = A867FDF425B8146900EE1BF2 /* PublicRepositoriesListViewModelOutput.swift */; };
		A867FDF825B815DD00EE1BF2 /* PublicRepositoriesListViewModel.swift in Sources */ = {isa = PBXBuildFile; fileRef = A867FDF725B815DD00EE1BF2 /* PublicRepositoriesListViewModel.swift */; };
		A867FDFC25B8177000EE1BF2 /* ViewModel.swift in Sources */ = {isa = PBXBuildFile; fileRef = A867FDFB25B8177000EE1BF2 /* ViewModel.swift */; };
		A867FE0125B823C800EE1BF2 /* PublicRepositoryLoader.swift in Sources */ = {isa = PBXBuildFile; fileRef = A867FE0025B823C800EE1BF2 /* PublicRepositoryLoader.swift */; };
		A867FE0625B8245E00EE1BF2 /* Repository.swift in Sources */ = {isa = PBXBuildFile; fileRef = A867FE0525B8245E00EE1BF2 /* Repository.swift */; };
		A867FE0925B8251400EE1BF2 /* Assembler.swift in Sources */ = {isa = PBXBuildFile; fileRef = A867FE0825B8251400EE1BF2 /* Assembler.swift */; };
		A867FE0D25B8256700EE1BF2 /* BuiltInPublicRepositoryLoader.swift in Sources */ = {isa = PBXBuildFile; fileRef = A867FE0C25B8256700EE1BF2 /* BuiltInPublicRepositoryLoader.swift */; };
		A867FE1125B8288100EE1BF2 /* RepositoryCellView.swift in Sources */ = {isa = PBXBuildFile; fileRef = A867FE0F25B8288100EE1BF2 /* RepositoryCellView.swift */; };
		A867FE1225B8288100EE1BF2 /* RepositoryCellView.xib in Resources */ = {isa = PBXBuildFile; fileRef = A867FE1025B8288100EE1BF2 /* RepositoryCellView.xib */; };
		A867FE1525B8441C00EE1BF2 /* StubPublicRepositoryLoader.swift in Sources */ = {isa = PBXBuildFile; fileRef = A867FE1425B8441C00EE1BF2 /* StubPublicRepositoryLoader.swift */; };
		A867FE1A25B8485100EE1BF2 /* RepositoryCellViewModel.swift in Sources */ = {isa = PBXBuildFile; fileRef = A867FE1925B8485100EE1BF2 /* RepositoryCellViewModel.swift */; };
		A867FE2025B851C700EE1BF2 /* URL + Ext.swift in Sources */ = {isa = PBXBuildFile; fileRef = A867FE1F25B851C700EE1BF2 /* URL + Ext.swift */; };
		A867FE2425B8534300EE1BF2 /* URLSession + Ext.swift in Sources */ = {isa = PBXBuildFile; fileRef = A867FE2325B8534300EE1BF2 /* URLSession + Ext.swift */; };
		A8F13C8825B8037B003DFA9A /* AppDelegate.swift in Sources */ = {isa = PBXBuildFile; fileRef = A8F13C8725B8037B003DFA9A /* AppDelegate.swift */; };
		A8F13C8A25B8037B003DFA9A /* SceneDelegate.swift in Sources */ = {isa = PBXBuildFile; fileRef = A8F13C8925B8037B003DFA9A /* SceneDelegate.swift */; };
		A8F13C8C25B8037B003DFA9A /* ViewController.swift in Sources */ = {isa = PBXBuildFile; fileRef = A8F13C8B25B8037B003DFA9A /* ViewController.swift */; };
		A8F13C9125B8037B003DFA9A /* Assets.xcassets in Resources */ = {isa = PBXBuildFile; fileRef = A8F13C9025B8037B003DFA9A /* Assets.xcassets */; };
		A8F13C9425B8037B003DFA9A /* LaunchScreen.storyboard in Resources */ = {isa = PBXBuildFile; fileRef = A8F13C9225B8037B003DFA9A /* LaunchScreen.storyboard */; };
/* End PBXBuildFile section */

/* Begin PBXFileReference section */
		A867FDC425B805E200EE1BF2 /* Coordinator.swift */ = {isa = PBXFileReference; lastKnownFileType = sourcecode.swift; path = Coordinator.swift; sourceTree = "<group>"; };
		A867FDC725B805F000EE1BF2 /* Presentable.swift */ = {isa = PBXFileReference; lastKnownFileType = sourcecode.swift; path = Presentable.swift; sourceTree = "<group>"; };
		A867FDCA25B805FF00EE1BF2 /* Router.swift */ = {isa = PBXFileReference; lastKnownFileType = sourcecode.swift; path = Router.swift; sourceTree = "<group>"; };
		A867FDCD25B8062200EE1BF2 /* BaseCoordinator.swift */ = {isa = PBXFileReference; lastKnownFileType = sourcecode.swift; path = BaseCoordinator.swift; sourceTree = "<group>"; };
		A867FDD025B8068500EE1BF2 /* AppCoordinator.swift */ = {isa = PBXFileReference; lastKnownFileType = sourcecode.swift; path = AppCoordinator.swift; sourceTree = "<group>"; };
		A867FDD425B806C200EE1BF2 /* CoordinatorFactory.swift */ = {isa = PBXFileReference; lastKnownFileType = sourcecode.swift; path = CoordinatorFactory.swift; sourceTree = "<group>"; };
		A867FDD925B80CD100EE1BF2 /* PublicRepositoriesListCoordinator.swift */ = {isa = PBXFileReference; lastKnownFileType = sourcecode.swift; path = PublicRepositoriesListCoordinator.swift; sourceTree = "<group>"; };
		A867FDDE25B80EF000EE1BF2 /* PublicRepositoriesModuleFactory.swift */ = {isa = PBXFileReference; lastKnownFileType = sourcecode.swift; path = PublicRepositoriesModuleFactory.swift; sourceTree = "<group>"; };
		A867FDE125B80F9700EE1BF2 /* ModuleFactoryImpl.swift */ = {isa = PBXFileReference; lastKnownFileType = sourcecode.swift; path = ModuleFactoryImpl.swift; sourceTree = "<group>"; };
		A867FDE425B810E400EE1BF2 /* PublicRepositoriesListOutput.swift */ = {isa = PBXFileReference; lastKnownFileType = sourcecode.swift; path = PublicRepositoriesListOutput.swift; sourceTree = "<group>"; };
		A867FDE825B8119500EE1BF2 /* PublicRepositoriesListViewController.swift */ = {isa = PBXFileReference; lastKnownFileType = sourcecode.swift; path = PublicRepositoriesListViewController.swift; sourceTree = "<group>"; };
		A867FDEC25B811B300EE1BF2 /* PublicRepositoriesListView.swift */ = {isa = PBXFileReference; lastKnownFileType = sourcecode.swift; path = PublicRepositoriesListView.swift; sourceTree = "<group>"; };
		A867FDEF25B811C500EE1BF2 /* BaseView.swift */ = {isa = PBXFileReference; lastKnownFileType = sourcecode.swift; path = BaseView.swift; sourceTree = "<group>"; };
		A867FDF425B8146900EE1BF2 /* PublicRepositoriesListViewModelOutput.swift */ = {isa = PBXFileReference; lastKnownFileType = sourcecode.swift; path = PublicRepositoriesListViewModelOutput.swift; sourceTree = "<group>"; };
		A867FDF725B815DD00EE1BF2 /* PublicRepositoriesListViewModel.swift */ = {isa = PBXFileReference; lastKnownFileType = sourcecode.swift; path = PublicRepositoriesListViewModel.swift; sourceTree = "<group>"; };
		A867FDFB25B8177000EE1BF2 /* ViewModel.swift */ = {isa = PBXFileReference; lastKnownFileType = sourcecode.swift; path = ViewModel.swift; sourceTree = "<group>"; };
		A867FE0025B823C800EE1BF2 /* PublicRepositoryLoader.swift */ = {isa = PBXFileReference; lastKnownFileType = sourcecode.swift; path = PublicRepositoryLoader.swift; sourceTree = "<group>"; };
		A867FE0525B8245E00EE1BF2 /* Repository.swift */ = {isa = PBXFileReference; lastKnownFileType = sourcecode.swift; path = Repository.swift; sourceTree = "<group>"; };
		A867FE0825B8251400EE1BF2 /* Assembler.swift */ = {isa = PBXFileReference; lastKnownFileType = sourcecode.swift; path = Assembler.swift; sourceTree = "<group>"; };
		A867FE0C25B8256700EE1BF2 /* BuiltInPublicRepositoryLoader.swift */ = {isa = PBXFileReference; lastKnownFileType = sourcecode.swift; path = BuiltInPublicRepositoryLoader.swift; sourceTree = "<group>"; };
		A867FE0F25B8288100EE1BF2 /* RepositoryCellView.swift */ = {isa = PBXFileReference; lastKnownFileType = sourcecode.swift; path = RepositoryCellView.swift; sourceTree = "<group>"; };
		A867FE1025B8288100EE1BF2 /* RepositoryCellView.xib */ = {isa = PBXFileReference; lastKnownFileType = file.xib; path = RepositoryCellView.xib; sourceTree = "<group>"; };
		A867FE1425B8441C00EE1BF2 /* StubPublicRepositoryLoader.swift */ = {isa = PBXFileReference; lastKnownFileType = sourcecode.swift; path = StubPublicRepositoryLoader.swift; sourceTree = "<group>"; };
		A867FE1925B8485100EE1BF2 /* RepositoryCellViewModel.swift */ = {isa = PBXFileReference; lastKnownFileType = sourcecode.swift; path = RepositoryCellViewModel.swift; sourceTree = "<group>"; };
		A867FE1F25B851C700EE1BF2 /* URL + Ext.swift */ = {isa = PBXFileReference; lastKnownFileType = sourcecode.swift; path = "URL + Ext.swift"; sourceTree = "<group>"; };
		A867FE2325B8534300EE1BF2 /* URLSession + Ext.swift */ = {isa = PBXFileReference; lastKnownFileType = sourcecode.swift; path = "URLSession + Ext.swift"; sourceTree = "<group>"; };
		A8F13C8425B8037B003DFA9A /* GithubPublicRepositories.app */ = {isa = PBXFileReference; explicitFileType = wrapper.application; includeInIndex = 0; path = GithubPublicRepositories.app; sourceTree = BUILT_PRODUCTS_DIR; };
		A8F13C8725B8037B003DFA9A /* AppDelegate.swift */ = {isa = PBXFileReference; lastKnownFileType = sourcecode.swift; path = AppDelegate.swift; sourceTree = "<group>"; };
		A8F13C8925B8037B003DFA9A /* SceneDelegate.swift */ = {isa = PBXFileReference; lastKnownFileType = sourcecode.swift; path = SceneDelegate.swift; sourceTree = "<group>"; };
		A8F13C8B25B8037B003DFA9A /* ViewController.swift */ = {isa = PBXFileReference; lastKnownFileType = sourcecode.swift; path = ViewController.swift; sourceTree = "<group>"; };
		A8F13C9025B8037B003DFA9A /* Assets.xcassets */ = {isa = PBXFileReference; lastKnownFileType = folder.assetcatalog; path = Assets.xcassets; sourceTree = "<group>"; };
		A8F13C9325B8037B003DFA9A /* Base */ = {isa = PBXFileReference; lastKnownFileType = file.storyboard; name = Base; path = Base.lproj/LaunchScreen.storyboard; sourceTree = "<group>"; };
		A8F13C9525B8037B003DFA9A /* Info.plist */ = {isa = PBXFileReference; lastKnownFileType = text.plist.xml; path = Info.plist; sourceTree = "<group>"; };
		C488305B88F5E7782C87A390 /* Pods-GithubPublicRepositories.debug.xcconfig */ = {isa = PBXFileReference; includeInIndex = 1; lastKnownFileType = text.xcconfig; name = "Pods-GithubPublicRepositories.debug.xcconfig"; path = "Target Support Files/Pods-GithubPublicRepositories/Pods-GithubPublicRepositories.debug.xcconfig"; sourceTree = "<group>"; };
		E0B3798B76D894825E369C75 /* Pods-GithubPublicRepositories.release.xcconfig */ = {isa = PBXFileReference; includeInIndex = 1; lastKnownFileType = text.xcconfig; name = "Pods-GithubPublicRepositories.release.xcconfig"; path = "Target Support Files/Pods-GithubPublicRepositories/Pods-GithubPublicRepositories.release.xcconfig"; sourceTree = "<group>"; };
		EB36EAF8C476926447295FD6 /* Pods_GithubPublicRepositories.framework */ = {isa = PBXFileReference; explicitFileType = wrapper.framework; includeInIndex = 0; path = Pods_GithubPublicRepositories.framework; sourceTree = BUILT_PRODUCTS_DIR; };
/* End PBXFileReference section */

/* Begin PBXFrameworksBuildPhase section */
		A8F13C8125B8037B003DFA9A /* Frameworks */ = {
			isa = PBXFrameworksBuildPhase;
			buildActionMask = 2147483647;
			files = (
				4A3C4F2C222A3A98A9A22F20 /* Pods_GithubPublicRepositories.framework in Frameworks */,
			);
			runOnlyForDeploymentPostprocessing = 0;
		};
/* End PBXFrameworksBuildPhase section */

/* Begin PBXGroup section */
		202701B421D068D5593D6FBE /* Frameworks */ = {
			isa = PBXGroup;
			children = (
				EB36EAF8C476926447295FD6 /* Pods_GithubPublicRepositories.framework */,
			);
			name = Frameworks;
			sourceTree = "<group>";
		};
		A867FDC325B805BD00EE1BF2 /* Routing */ = {
			isa = PBXGroup;
			children = (
				A867FDD325B806B000EE1BF2 /* Factories */,
				A867FDC425B805E200EE1BF2 /* Coordinator.swift */,
				A867FDC725B805F000EE1BF2 /* Presentable.swift */,
				A867FDCA25B805FF00EE1BF2 /* Router.swift */,
				A867FDCD25B8062200EE1BF2 /* BaseCoordinator.swift */,
				A867FDD025B8068500EE1BF2 /* AppCoordinator.swift */,
				A867FDEF25B811C500EE1BF2 /* BaseView.swift */,
			);
			path = Routing;
			sourceTree = "<group>";
		};
		A867FDD325B806B000EE1BF2 /* Factories */ = {
			isa = PBXGroup;
			children = (
				A867FDD425B806C200EE1BF2 /* CoordinatorFactory.swift */,
				A867FDDE25B80EF000EE1BF2 /* PublicRepositoriesModuleFactory.swift */,
				A867FDE125B80F9700EE1BF2 /* ModuleFactoryImpl.swift */,
			);
			path = Factories;
			sourceTree = "<group>";
		};
		A867FDD825B80C8500EE1BF2 /* Flows */ = {
			isa = PBXGroup;
			children = (
				A867FDE725B8117100EE1BF2 /* PublicRepositoriesList */,
			);
			path = Flows;
			sourceTree = "<group>";
		};
		A867FDDC25B80DC300EE1BF2 /* Models */ = {
			isa = PBXGroup;
			children = (
				A867FE0525B8245E00EE1BF2 /* Repository.swift */,
			);
			path = Models;
			sourceTree = "<group>";
		};
		A867FDE725B8117100EE1BF2 /* PublicRepositoriesList */ = {
			isa = PBXGroup;
			children = (
				A867FE1D25B8488500EE1BF2 /* ViewModels */,
				A867FE1C25B8488200EE1BF2 /* Cells */,
				A867FDD925B80CD100EE1BF2 /* PublicRepositoriesListCoordinator.swift */,
				A867FDE425B810E400EE1BF2 /* PublicRepositoriesListOutput.swift */,
				A867FDE825B8119500EE1BF2 /* PublicRepositoriesListViewController.swift */,
				A867FDEC25B811B300EE1BF2 /* PublicRepositoriesListView.swift */,
				A867FDF425B8146900EE1BF2 /* PublicRepositoriesListViewModelOutput.swift */,
			);
			path = PublicRepositoriesList;
			sourceTree = "<group>";
		};
		A867FDFA25B8176900EE1BF2 /* Common */ = {
			isa = PBXGroup;
			children = (
				A867FE0825B8251400EE1BF2 /* Assembler.swift */,
				A867FDFB25B8177000EE1BF2 /* ViewModel.swift */,
				A867FE1F25B851C700EE1BF2 /* URL + Ext.swift */,
				A867FE2325B8534300EE1BF2 /* URLSession + Ext.swift */,
			);
			path = Common;
			sourceTree = "<group>";
		};
		A867FDFF25B823BA00EE1BF2 /* Networking */ = {
			isa = PBXGroup;
			children = (
				A867FE0025B823C800EE1BF2 /* PublicRepositoryLoader.swift */,
				A867FE0C25B8256700EE1BF2 /* BuiltInPublicRepositoryLoader.swift */,
				A867FE1425B8441C00EE1BF2 /* StubPublicRepositoryLoader.swift */,
			);
			path = Networking;
			sourceTree = "<group>";
		};
		A867FE1C25B8488200EE1BF2 /* Cells */ = {
			isa = PBXGroup;
			children = (
				A867FE0F25B8288100EE1BF2 /* RepositoryCellView.swift */,
				A867FE1025B8288100EE1BF2 /* RepositoryCellView.xib */,
			);
			path = Cells;
			sourceTree = "<group>";
		};
		A867FE1D25B8488500EE1BF2 /* ViewModels */ = {
			isa = PBXGroup;
			children = (
				A867FE1925B8485100EE1BF2 /* RepositoryCellViewModel.swift */,
				A867FDF725B815DD00EE1BF2 /* PublicRepositoriesListViewModel.swift */,
			);
			path = ViewModels;
			sourceTree = "<group>";
		};
		A8F13C7B25B8037B003DFA9A = {
			isa = PBXGroup;
			children = (
				A8F13C8625B8037B003DFA9A /* GithubPublicRepositories */,
				A8F13C8525B8037B003DFA9A /* Products */,
				F0229D4562B2264D98BD0A66 /* Pods */,
				202701B421D068D5593D6FBE /* Frameworks */,
			);
			sourceTree = "<group>";
		};
		A8F13C8525B8037B003DFA9A /* Products */ = {
			isa = PBXGroup;
			children = (
				A8F13C8425B8037B003DFA9A /* GithubPublicRepositories.app */,
			);
			name = Products;
			sourceTree = "<group>";
		};
		A8F13C8625B8037B003DFA9A /* GithubPublicRepositories */ = {
			isa = PBXGroup;
			children = (
				A867FDFF25B823BA00EE1BF2 /* Networking */,
				A867FDFA25B8176900EE1BF2 /* Common */,
				A867FDDC25B80DC300EE1BF2 /* Models */,
				A867FDD825B80C8500EE1BF2 /* Flows */,
				A867FDC325B805BD00EE1BF2 /* Routing */,
				A8F13C8725B8037B003DFA9A /* AppDelegate.swift */,
				A8F13C8925B8037B003DFA9A /* SceneDelegate.swift */,
				A8F13C8B25B8037B003DFA9A /* ViewController.swift */,
				A8F13C9025B8037B003DFA9A /* Assets.xcassets */,
				A8F13C9225B8037B003DFA9A /* LaunchScreen.storyboard */,
				A8F13C9525B8037B003DFA9A /* Info.plist */,
			);
			path = GithubPublicRepositories;
			sourceTree = "<group>";
		};
		F0229D4562B2264D98BD0A66 /* Pods */ = {
			isa = PBXGroup;
			children = (
				C488305B88F5E7782C87A390 /* Pods-GithubPublicRepositories.debug.xcconfig */,
				E0B3798B76D894825E369C75 /* Pods-GithubPublicRepositories.release.xcconfig */,
			);
			path = Pods;
			sourceTree = "<group>";
		};
/* End PBXGroup section */

/* Begin PBXNativeTarget section */
		A8F13C8325B8037B003DFA9A /* GithubPublicRepositories */ = {
			isa = PBXNativeTarget;
			buildConfigurationList = A8F13C9825B8037B003DFA9A /* Build configuration list for PBXNativeTarget "GithubPublicRepositories" */;
			buildPhases = (
				F3D040E9B448C2AE031FBDA2 /* [CP] Check Pods Manifest.lock */,
				A8F13C8025B8037B003DFA9A /* Sources */,
				A8F13C8125B8037B003DFA9A /* Frameworks */,
				A8F13C8225B8037B003DFA9A /* Resources */,
				537D3765917701AFF8025F86 /* [CP] Embed Pods Frameworks */,
			);
			buildRules = (
			);
			dependencies = (
			);
			name = GithubPublicRepositories;
			productName = GithubPublicRepositories;
			productReference = A8F13C8425B8037B003DFA9A /* GithubPublicRepositories.app */;
			productType = "com.apple.product-type.application";
		};
/* End PBXNativeTarget section */

/* Begin PBXProject section */
		A8F13C7C25B8037B003DFA9A /* Project object */ = {
			isa = PBXProject;
			attributes = {
				LastSwiftUpdateCheck = 1230;
				LastUpgradeCheck = 1230;
				TargetAttributes = {
					A8F13C8325B8037B003DFA9A = {
						CreatedOnToolsVersion = 12.3;
					};
				};
			};
			buildConfigurationList = A8F13C7F25B8037B003DFA9A /* Build configuration list for PBXProject "GithubPublicRepositories" */;
			compatibilityVersion = "Xcode 9.3";
			developmentRegion = en;
			hasScannedForEncodings = 0;
			knownRegions = (
				en,
				Base,
			);
			mainGroup = A8F13C7B25B8037B003DFA9A;
			productRefGroup = A8F13C8525B8037B003DFA9A /* Products */;
			projectDirPath = "";
			projectRoot = "";
			targets = (
				A8F13C8325B8037B003DFA9A /* GithubPublicRepositories */,
			);
		};
/* End PBXProject section */

/* Begin PBXResourcesBuildPhase section */
		A8F13C8225B8037B003DFA9A /* Resources */ = {
			isa = PBXResourcesBuildPhase;
			buildActionMask = 2147483647;
			files = (
				A8F13C9425B8037B003DFA9A /* LaunchScreen.storyboard in Resources */,
				A8F13C9125B8037B003DFA9A /* Assets.xcassets in Resources */,
				A867FE1225B8288100EE1BF2 /* RepositoryCellView.xib in Resources */,
			);
			runOnlyForDeploymentPostprocessing = 0;
		};
/* End PBXResourcesBuildPhase section */

/* Begin PBXShellScriptBuildPhase section */
		537D3765917701AFF8025F86 /* [CP] Embed Pods Frameworks */ = {
			isa = PBXShellScriptBuildPhase;
			buildActionMask = 2147483647;
			files = (
			);
			inputFileListPaths = (
				"${PODS_ROOT}/Target Support Files/Pods-GithubPublicRepositories/Pods-GithubPublicRepositories-frameworks-${CONFIGURATION}-input-files.xcfilelist",
			);
			name = "[CP] Embed Pods Frameworks";
			outputFileListPaths = (
				"${PODS_ROOT}/Target Support Files/Pods-GithubPublicRepositories/Pods-GithubPublicRepositories-frameworks-${CONFIGURATION}-output-files.xcfilelist",
			);
			runOnlyForDeploymentPostprocessing = 0;
			shellPath = /bin/sh;
			shellScript = "\"${PODS_ROOT}/Target Support Files/Pods-GithubPublicRepositories/Pods-GithubPublicRepositories-frameworks.sh\"\n";
			showEnvVarsInLog = 0;
		};
		F3D040E9B448C2AE031FBDA2 /* [CP] Check Pods Manifest.lock */ = {
			isa = PBXShellScriptBuildPhase;
			buildActionMask = 2147483647;
			files = (
			);
			inputFileListPaths = (
			);
			inputPaths = (
				"${PODS_PODFILE_DIR_PATH}/Podfile.lock",
				"${PODS_ROOT}/Manifest.lock",
			);
			name = "[CP] Check Pods Manifest.lock";
			outputFileListPaths = (
			);
			outputPaths = (
				"$(DERIVED_FILE_DIR)/Pods-GithubPublicRepositories-checkManifestLockResult.txt",
			);
			runOnlyForDeploymentPostprocessing = 0;
			shellPath = /bin/sh;
			shellScript = "diff \"${PODS_PODFILE_DIR_PATH}/Podfile.lock\" \"${PODS_ROOT}/Manifest.lock\" > /dev/null\nif [ $? != 0 ] ; then\n    # print error to STDERR\n    echo \"error: The sandbox is not in sync with the Podfile.lock. Run 'pod install' or update your CocoaPods installation.\" >&2\n    exit 1\nfi\n# This output is used by Xcode 'outputs' to avoid re-running this script phase.\necho \"SUCCESS\" > \"${SCRIPT_OUTPUT_FILE_0}\"\n";
			showEnvVarsInLog = 0;
		};
/* End PBXShellScriptBuildPhase section */

/* Begin PBXSourcesBuildPhase section */
		A8F13C8025B8037B003DFA9A /* Sources */ = {
			isa = PBXSourcesBuildPhase;
			buildActionMask = 2147483647;
			files = (
				A867FE2025B851C700EE1BF2 /* URL + Ext.swift in Sources */,
				A867FDF525B8146900EE1BF2 /* PublicRepositoriesListViewModelOutput.swift in Sources */,
				A867FDE525B810E400EE1BF2 /* PublicRepositoriesListOutput.swift in Sources */,
				A867FDC525B805E200EE1BF2 /* Coordinator.swift in Sources */,
				A867FE0D25B8256700EE1BF2 /* BuiltInPublicRepositoryLoader.swift in Sources */,
				A867FE1A25B8485100EE1BF2 /* RepositoryCellViewModel.swift in Sources */,
				A867FDDA25B80CD100EE1BF2 /* PublicRepositoriesListCoordinator.swift in Sources */,
				A867FDDF25B80EF000EE1BF2 /* PublicRepositoriesModuleFactory.swift in Sources */,
				A867FE1125B8288100EE1BF2 /* RepositoryCellView.swift in Sources */,
				A8F13C8C25B8037B003DFA9A /* ViewController.swift in Sources */,
				A867FE1525B8441C00EE1BF2 /* StubPublicRepositoryLoader.swift in Sources */,
				A8F13C8825B8037B003DFA9A /* AppDelegate.swift in Sources */,
				A867FDC825B805F000EE1BF2 /* Presentable.swift in Sources */,
				A867FDE925B8119500EE1BF2 /* PublicRepositoriesListViewController.swift in Sources */,
				A867FDE225B80F9700EE1BF2 /* ModuleFactoryImpl.swift in Sources */,
				A867FDD125B8068500EE1BF2 /* AppCoordinator.swift in Sources */,
				A867FDFC25B8177000EE1BF2 /* ViewModel.swift in Sources */,
				A867FDED25B811B300EE1BF2 /* PublicRepositoriesListView.swift in Sources */,
				A867FDCE25B8062200EE1BF2 /* BaseCoordinator.swift in Sources */,
				A867FE0625B8245E00EE1BF2 /* Repository.swift in Sources */,
				A867FDD525B806C200EE1BF2 /* CoordinatorFactory.swift in Sources */,
				A867FE0925B8251400EE1BF2 /* Assembler.swift in Sources */,
				A867FDCB25B805FF00EE1BF2 /* Router.swift in Sources */,
				A867FDF825B815DD00EE1BF2 /* PublicRepositoriesListViewModel.swift in Sources */,
				A867FE2425B8534300EE1BF2 /* URLSession + Ext.swift in Sources */,
				A867FE0125B823C800EE1BF2 /* PublicRepositoryLoader.swift in Sources */,
				A8F13C8A25B8037B003DFA9A /* SceneDelegate.swift in Sources */,
				A867FDF025B811C500EE1BF2 /* BaseView.swift in Sources */,
			);
			runOnlyForDeploymentPostprocessing = 0;
		};
/* End PBXSourcesBuildPhase section */

/* Begin PBXVariantGroup section */
		A8F13C9225B8037B003DFA9A /* LaunchScreen.storyboard */ = {
			isa = PBXVariantGroup;
			children = (
				A8F13C9325B8037B003DFA9A /* Base */,
			);
			name = LaunchScreen.storyboard;
			sourceTree = "<group>";
		};
/* End PBXVariantGroup section */

/* Begin XCBuildConfiguration section */
		A8F13C9625B8037B003DFA9A /* Debug */ = {
			isa = XCBuildConfiguration;
			buildSettings = {
				ALWAYS_SEARCH_USER_PATHS = NO;
				CLANG_ANALYZER_NONNULL = YES;
				CLANG_ANALYZER_NUMBER_OBJECT_CONVERSION = YES_AGGRESSIVE;
				CLANG_CXX_LANGUAGE_STANDARD = "gnu++14";
				CLANG_CXX_LIBRARY = "libc++";
				CLANG_ENABLE_MODULES = YES;
				CLANG_ENABLE_OBJC_ARC = YES;
				CLANG_ENABLE_OBJC_WEAK = YES;
				CLANG_WARN_BLOCK_CAPTURE_AUTORELEASING = YES;
				CLANG_WARN_BOOL_CONVERSION = YES;
				CLANG_WARN_COMMA = YES;
				CLANG_WARN_CONSTANT_CONVERSION = YES;
				CLANG_WARN_DEPRECATED_OBJC_IMPLEMENTATIONS = YES;
				CLANG_WARN_DIRECT_OBJC_ISA_USAGE = YES_ERROR;
				CLANG_WARN_DOCUMENTATION_COMMENTS = YES;
				CLANG_WARN_EMPTY_BODY = YES;
				CLANG_WARN_ENUM_CONVERSION = YES;
				CLANG_WARN_INFINITE_RECURSION = YES;
				CLANG_WARN_INT_CONVERSION = YES;
				CLANG_WARN_NON_LITERAL_NULL_CONVERSION = YES;
				CLANG_WARN_OBJC_IMPLICIT_RETAIN_SELF = YES;
				CLANG_WARN_OBJC_LITERAL_CONVERSION = YES;
				CLANG_WARN_OBJC_ROOT_CLASS = YES_ERROR;
				CLANG_WARN_QUOTED_INCLUDE_IN_FRAMEWORK_HEADER = YES;
				CLANG_WARN_RANGE_LOOP_ANALYSIS = YES;
				CLANG_WARN_STRICT_PROTOTYPES = YES;
				CLANG_WARN_SUSPICIOUS_MOVE = YES;
				CLANG_WARN_UNGUARDED_AVAILABILITY = YES_AGGRESSIVE;
				CLANG_WARN_UNREACHABLE_CODE = YES;
				CLANG_WARN__DUPLICATE_METHOD_MATCH = YES;
				COPY_PHASE_STRIP = NO;
				DEBUG_INFORMATION_FORMAT = dwarf;
				ENABLE_STRICT_OBJC_MSGSEND = YES;
				ENABLE_TESTABILITY = YES;
				GCC_C_LANGUAGE_STANDARD = gnu11;
				GCC_DYNAMIC_NO_PIC = NO;
				GCC_NO_COMMON_BLOCKS = YES;
				GCC_OPTIMIZATION_LEVEL = 0;
				GCC_PREPROCESSOR_DEFINITIONS = (
					"DEBUG=1",
					"$(inherited)",
				);
				GCC_WARN_64_TO_32_BIT_CONVERSION = YES;
				GCC_WARN_ABOUT_RETURN_TYPE = YES_ERROR;
				GCC_WARN_UNDECLARED_SELECTOR = YES;
				GCC_WARN_UNINITIALIZED_AUTOS = YES_AGGRESSIVE;
				GCC_WARN_UNUSED_FUNCTION = YES;
				GCC_WARN_UNUSED_VARIABLE = YES;
				IPHONEOS_DEPLOYMENT_TARGET = 14.3;
				MTL_ENABLE_DEBUG_INFO = INCLUDE_SOURCE;
				MTL_FAST_MATH = YES;
				ONLY_ACTIVE_ARCH = YES;
				SDKROOT = iphoneos;
				SWIFT_ACTIVE_COMPILATION_CONDITIONS = DEBUG;
				SWIFT_OPTIMIZATION_LEVEL = "-Onone";
			};
			name = Debug;
		};
		A8F13C9725B8037B003DFA9A /* Release */ = {
			isa = XCBuildConfiguration;
			buildSettings = {
				ALWAYS_SEARCH_USER_PATHS = NO;
				CLANG_ANALYZER_NONNULL = YES;
				CLANG_ANALYZER_NUMBER_OBJECT_CONVERSION = YES_AGGRESSIVE;
				CLANG_CXX_LANGUAGE_STANDARD = "gnu++14";
				CLANG_CXX_LIBRARY = "libc++";
				CLANG_ENABLE_MODULES = YES;
				CLANG_ENABLE_OBJC_ARC = YES;
				CLANG_ENABLE_OBJC_WEAK = YES;
				CLANG_WARN_BLOCK_CAPTURE_AUTORELEASING = YES;
				CLANG_WARN_BOOL_CONVERSION = YES;
				CLANG_WARN_COMMA = YES;
				CLANG_WARN_CONSTANT_CONVERSION = YES;
				CLANG_WARN_DEPRECATED_OBJC_IMPLEMENTATIONS = YES;
				CLANG_WARN_DIRECT_OBJC_ISA_USAGE = YES_ERROR;
				CLANG_WARN_DOCUMENTATION_COMMENTS = YES;
				CLANG_WARN_EMPTY_BODY = YES;
				CLANG_WARN_ENUM_CONVERSION = YES;
				CLANG_WARN_INFINITE_RECURSION = YES;
				CLANG_WARN_INT_CONVERSION = YES;
				CLANG_WARN_NON_LITERAL_NULL_CONVERSION = YES;
				CLANG_WARN_OBJC_IMPLICIT_RETAIN_SELF = YES;
				CLANG_WARN_OBJC_LITERAL_CONVERSION = YES;
				CLANG_WARN_OBJC_ROOT_CLASS = YES_ERROR;
				CLANG_WARN_QUOTED_INCLUDE_IN_FRAMEWORK_HEADER = YES;
				CLANG_WARN_RANGE_LOOP_ANALYSIS = YES;
				CLANG_WARN_STRICT_PROTOTYPES = YES;
				CLANG_WARN_SUSPICIOUS_MOVE = YES;
				CLANG_WARN_UNGUARDED_AVAILABILITY = YES_AGGRESSIVE;
				CLANG_WARN_UNREACHABLE_CODE = YES;
				CLANG_WARN__DUPLICATE_METHOD_MATCH = YES;
				COPY_PHASE_STRIP = NO;
				DEBUG_INFORMATION_FORMAT = "dwarf-with-dsym";
				ENABLE_NS_ASSERTIONS = NO;
				ENABLE_STRICT_OBJC_MSGSEND = YES;
				GCC_C_LANGUAGE_STANDARD = gnu11;
				GCC_NO_COMMON_BLOCKS = YES;
				GCC_WARN_64_TO_32_BIT_CONVERSION = YES;
				GCC_WARN_ABOUT_RETURN_TYPE = YES_ERROR;
				GCC_WARN_UNDECLARED_SELECTOR = YES;
				GCC_WARN_UNINITIALIZED_AUTOS = YES_AGGRESSIVE;
				GCC_WARN_UNUSED_FUNCTION = YES;
				GCC_WARN_UNUSED_VARIABLE = YES;
				IPHONEOS_DEPLOYMENT_TARGET = 14.3;
				MTL_ENABLE_DEBUG_INFO = NO;
				MTL_FAST_MATH = YES;
				SDKROOT = iphoneos;
				SWIFT_COMPILATION_MODE = wholemodule;
				SWIFT_OPTIMIZATION_LEVEL = "-O";
				VALIDATE_PRODUCT = YES;
			};
			name = Release;
		};
		A8F13C9925B8037B003DFA9A /* Debug */ = {
			isa = XCBuildConfiguration;
			baseConfigurationReference = C488305B88F5E7782C87A390 /* Pods-GithubPublicRepositories.debug.xcconfig */;
			buildSettings = {
				ASSETCATALOG_COMPILER_APPICON_NAME = AppIcon;
				ASSETCATALOG_COMPILER_GLOBAL_ACCENT_COLOR_NAME = AccentColor;
				CODE_SIGN_STYLE = Automatic;
				DEVELOPMENT_TEAM = YG4U6S73S9;
				INFOPLIST_FILE = GithubPublicRepositories/Info.plist;
				IPHONEOS_DEPLOYMENT_TARGET = 10.0;
				LD_RUNPATH_SEARCH_PATHS = (
					"$(inherited)",
					"@executable_path/Frameworks",
				);
				PRODUCT_BUNDLE_IDENTIFIER = com.sanyakam.GithubPublicRepositories;
				PRODUCT_NAME = "$(TARGET_NAME)";
				SWIFT_VERSION = 5.0;
				TARGETED_DEVICE_FAMILY = "1,2";
			};
			name = Debug;
		};
		A8F13C9A25B8037B003DFA9A /* Release */ = {
			isa = XCBuildConfiguration;
			baseConfigurationReference = E0B3798B76D894825E369C75 /* Pods-GithubPublicRepositories.release.xcconfig */;
			buildSettings = {
				ASSETCATALOG_COMPILER_APPICON_NAME = AppIcon;
				ASSETCATALOG_COMPILER_GLOBAL_ACCENT_COLOR_NAME = AccentColor;
				CODE_SIGN_STYLE = Automatic;
				DEVELOPMENT_TEAM = YG4U6S73S9;
				INFOPLIST_FILE = GithubPublicRepositories/Info.plist;
				IPHONEOS_DEPLOYMENT_TARGET = 10.0;
				LD_RUNPATH_SEARCH_PATHS = (
					"$(inherited)",
					"@executable_path/Frameworks",
				);
				PRODUCT_BUNDLE_IDENTIFIER = com.sanyakam.GithubPublicRepositories;
				PRODUCT_NAME = "$(TARGET_NAME)";
				SWIFT_VERSION = 5.0;
				TARGETED_DEVICE_FAMILY = "1,2";
			};
			name = Release;
		};
/* End XCBuildConfiguration section */

/* Begin XCConfigurationList section */
		A8F13C7F25B8037B003DFA9A /* Build configuration list for PBXProject "GithubPublicRepositories" */ = {
			isa = XCConfigurationList;
			buildConfigurations = (
				A8F13C9625B8037B003DFA9A /* Debug */,
				A8F13C9725B8037B003DFA9A /* Release */,
			);
			defaultConfigurationIsVisible = 0;
			defaultConfigurationName = Release;
		};
		A8F13C9825B8037B003DFA9A /* Build configuration list for PBXNativeTarget "GithubPublicRepositories" */ = {
			isa = XCConfigurationList;
			buildConfigurations = (
				A8F13C9925B8037B003DFA9A /* Debug */,
				A8F13C9A25B8037B003DFA9A /* Release */,
			);
			defaultConfigurationIsVisible = 0;
			defaultConfigurationName = Release;
		};
/* End XCConfigurationList section */
	};
	rootObject = A8F13C7C25B8037B003DFA9A /* Project object */;
}
