// !$*UTF8*$!
{
	archiveVersion = 1;
	classes = {
	};
	objectVersion = 50;
	objects = {

/* Begin PBXBuildFile section */
		4A3C4F2C222A3A98A9A22F20 /* Pods_GithubPublicRepositories.framework in Frameworks */ = {isa = PBXBuildFile; fileRef = EB36EAF8C476926447295FD6 /* Pods_GithubPublicRepositories.framework */; };
		A8F13C8825B8037B003DFA9A /* AppDelegate.swift in Sources */ = {isa = PBXBuildFile; fileRef = A8F13C8725B8037B003DFA9A /* AppDelegate.swift */; };
		A8F13C8A25B8037B003DFA9A /* SceneDelegate.swift in Sources */ = {isa = PBXBuildFile; fileRef = A8F13C8925B8037B003DFA9A /* SceneDelegate.swift */; };
		A8F13C8C25B8037B003DFA9A /* ViewController.swift in Sources */ = {isa = PBXBuildFile; fileRef = A8F13C8B25B8037B003DFA9A /* ViewController.swift */; };
		A8F13C8F25B8037B003DFA9A /* Main.storyboard in Resources */ = {isa = PBXBuildFile; fileRef = A8F13C8D25B8037B003DFA9A /* Main.storyboard */; };
		A8F13C9125B8037B003DFA9A /* Assets.xcassets in Resources */ = {isa = PBXBuildFile; fileRef = A8F13C9025B8037B003DFA9A /* Assets.xcassets */; };
		A8F13C9425B8037B003DFA9A /* LaunchScreen.storyboard in Resources */ = {isa = PBXBuildFile; fileRef = A8F13C9225B8037B003DFA9A /* LaunchScreen.storyboard */; };
/* End PBXBuildFile section */

/* Begin PBXFileReference section */
		A8F13C8425B8037B003DFA9A /* GithubPublicRepositories.app */ = {isa = PBXFileReference; explicitFileType = wrapper.application; includeInIndex = 0; path = GithubPublicRepositories.app; sourceTree = BUILT_PRODUCTS_DIR; };
		A8F13C8725B8037B003DFA9A /* AppDelegate.swift */ = {isa = PBXFileReference; lastKnownFileType = sourcecode.swift; path = AppDelegate.swift; sourceTree = "<group>"; };
		A8F13C8925B8037B003DFA9A /* SceneDelegate.swift */ = {isa = PBXFileReference; lastKnownFileType = sourcecode.swift; path = SceneDelegate.swift; sourceTree = "<group>"; };
		A8F13C8B25B8037B003DFA9A /* ViewController.swift */ = {isa = PBXFileReference; lastKnownFileType = sourcecode.swift; path = ViewController.swift; sourceTree = "<group>"; };
		A8F13C8E25B8037B003DFA9A /* Base */ = {isa = PBXFileReference; lastKnownFileType = file.storyboard; name = Base; path = Base.lproj/Main.storyboard; sourceTree = "<group>"; };
		A8F13C9025B8037B003DFA9A /* Assets.xcassets */ = {isa = PBXFileReference; lastKnownFileType = folder.assetcatalog; path = Assets.xcassets; sourceTree = "<group>"; };
		A8F13C9325B8037B003DFA9A /* Base */ = {isa = PBXFileReference; lastKnownFileType = file.storyboard; name = Base; path = Base.lproj/LaunchScreen.storyboard; sourceTree = "<group>"; };
		A8F13C9525B8037B003DFA9A /* Info.plist */ = {isa = PBXFileReference; lastKnownFileType = text.plist.xml; path = Info.plist; sourceTree = "<group>"; };
		C488305B88F5E7782C87A390 /* Pods-GithubPublicRepositories.debug.xcconfig */ = {isa = PBXFileReference; includeInIndex = 1; lastKnownFileType = text.xcconfig; name = "Pods-GithubPublicRepositories.debug.xcconfig"; path = "Target Support Files/Pods-GithubPublicRepositories/Pods-GithubPublicRepositories.debug.xcconfig"; sourceTree = "<group>"; };
		E0B3798B76D894825E369C75 /* Pods-GithubPublicRepositories.release.xcconfig */ = {isa = PBXFileReference; includeInIndex = 1; lastKnownFileType = text.xcconfig; name = "Pods-GithubPublicRepositories.release.xcconfig"; path = "Target Support Files/Pods-GithubPublicRepositories/Pods-GithubPublicRepositories.release.xcconfig"; sourceTree = "<group>"; };
		EB36EAF8C476926447295FD6 /* Pods_GithubPublicRepositories.framework */ = {isa = PBXFileReference; explicitFileType = wrapper.framework; includeInIndex = 0; path = Pods_GithubPublicRepositories.framework; sourceTree = BUILT_PRODUCTS_DIR; };
/* End PBXFileReference section */

/* Begin PBXFrameworksBuildPhase section */
		A8F13C8125B8037B003DFA9A /* Frameworks */ = {
			isa = PBXFrameworksBuildPhase;
			buildActionMask = 2147483647;
			files = (
				4A3C4F2C222A3A98A9A22F20 /* Pods_GithubPublicRepositories.framework in Frameworks */,
			);
			runOnlyForDeploymentPostprocessing = 0;
		};
/* End PBXFrameworksBuildPhase section */

/* Begin PBXGroup section */
		202701B421D068D5593D6FBE /* Frameworks */ = {
			isa = PBXGroup;
			children = (
				EB36EAF8C476926447295FD6 /* Pods_GithubPublicRepositories.framework */,
			);
			name = Frameworks;
			sourceTree = "<group>";
		};
		A8F13C7B25B8037B003DFA9A = {
			isa = PBXGroup;
			children = (
				A8F13C8625B8037B003DFA9A /* GithubPublicRepositories */,
				A8F13C8525B8037B003DFA9A /* Products */,
				F0229D4562B2264D98BD0A66 /* Pods */,
				202701B421D068D5593D6FBE /* Frameworks */,
			);
			sourceTree = "<group>";
		};
		A8F13C8525B8037B003DFA9A /* Products */ = {
			isa = PBXGroup;
			children = (
				A8F13C8425B8037B003DFA9A /* GithubPublicRepositories.app */,
			);
			name = Products;
			sourceTree = "<group>";
		};
		A8F13C8625B8037B003DFA9A /* GithubPublicRepositories */ = {
			isa = PBXGroup;
			children = (
				A8F13C8725B8037B003DFA9A /* AppDelegate.swift */,
				A8F13C8925B8037B003DFA9A /* SceneDelegate.swift */,
				A8F13C8B25B8037B003DFA9A /* ViewController.swift */,
				A8F13C8D25B8037B003DFA9A /* Main.storyboard */,
				A8F13C9025B8037B003DFA9A /* Assets.xcassets */,
				A8F13C9225B8037B003DFA9A /* LaunchScreen.storyboard */,
				A8F13C9525B8037B003DFA9A /* Info.plist */,
			);
			path = GithubPublicRepositories;
			sourceTree = "<group>";
		};
		F0229D4562B2264D98BD0A66 /* Pods */ = {
			isa = PBXGroup;
			children = (
				C488305B88F5E7782C87A390 /* Pods-GithubPublicRepositories.debug.xcconfig */,
				E0B3798B76D894825E369C75 /* Pods-GithubPublicRepositories.release.xcconfig */,
			);
			name = Pods;
			path = Pods;
			sourceTree = "<group>";
		};
/* End PBXGroup section */

/* Begin PBXNativeTarget section */
		A8F13C8325B8037B003DFA9A /* GithubPublicRepositories */ = {
			isa = PBXNativeTarget;
			buildConfigurationList = A8F13C9825B8037B003DFA9A /* Build configuration list for PBXNativeTarget "GithubPublicRepositories" */;
			buildPhases = (
				F3D040E9B448C2AE031FBDA2 /* [CP] Check Pods Manifest.lock */,
				A8F13C8025B8037B003DFA9A /* Sources */,
				A8F13C8125B8037B003DFA9A /* Frameworks */,
				A8F13C8225B8037B003DFA9A /* Resources */,
				537D3765917701AFF8025F86 /* [CP] Embed Pods Frameworks */,
			);
			buildRules = (
			);
			dependencies = (
			);
			name = GithubPublicRepositories;
			productName = GithubPublicRepositories;
			productReference = A8F13C8425B8037B003DFA9A /* GithubPublicRepositories.app */;
			productType = "com.apple.product-type.application";
		};
/* End PBXNativeTarget section */

/* Begin PBXProject section */
		A8F13C7C25B8037B003DFA9A /* Project object */ = {
			isa = PBXProject;
			attributes = {
				LastSwiftUpdateCheck = 1230;
				LastUpgradeCheck = 1230;
				TargetAttributes = {
					A8F13C8325B8037B003DFA9A = {
						CreatedOnToolsVersion = 12.3;
					};
				};
			};
			buildConfigurationList = A8F13C7F25B8037B003DFA9A /* Build configuration list for PBXProject "GithubPublicRepositories" */;
			compatibilityVersion = "Xcode 9.3";
			developmentRegion = en;
			hasScannedForEncodings = 0;
			knownRegions = (
				en,
				Base,
			);
			mainGroup = A8F13C7B25B8037B003DFA9A;
			productRefGroup = A8F13C8525B8037B003DFA9A /* Products */;
			projectDirPath = "";
			projectRoot = "";
			targets = (
				A8F13C8325B8037B003DFA9A /* GithubPublicRepositories */,
			);
		};
/* End PBXProject section */

/* Begin PBXResourcesBuildPhase section */
		A8F13C8225B8037B003DFA9A /* Resources */ = {
			isa = PBXResourcesBuildPhase;
			buildActionMask = 2147483647;
			files = (
				A8F13C9425B8037B003DFA9A /* LaunchScreen.storyboard in Resources */,
				A8F13C9125B8037B003DFA9A /* Assets.xcassets in Resources */,
				A8F13C8F25B8037B003DFA9A /* Main.storyboard in Resources */,
			);
			runOnlyForDeploymentPostprocessing = 0;
		};
/* End PBXResourcesBuildPhase section */

/* Begin PBXShellScriptBuildPhase section */
		537D3765917701AFF8025F86 /* [CP] Embed Pods Frameworks */ = {
			isa = PBXShellScriptBuildPhase;
			buildActionMask = 2147483647;
			files = (
			);
			inputFileListPaths = (
				"${PODS_ROOT}/Target Support Files/Pods-GithubPublicRepositories/Pods-GithubPublicRepositories-frameworks-${CONFIGURATION}-input-files.xcfilelist",
			);
			name = "[CP] Embed Pods Frameworks";
			outputFileListPaths = (
				"${PODS_ROOT}/Target Support Files/Pods-GithubPublicRepositories/Pods-GithubPublicRepositories-frameworks-${CONFIGURATION}-output-files.xcfilelist",
			);
			runOnlyForDeploymentPostprocessing = 0;
			shellPath = /bin/sh;
			shellScript = "\"${PODS_ROOT}/Target Support Files/Pods-GithubPublicRepositories/Pods-GithubPublicRepositories-frameworks.sh\"\n";
			showEnvVarsInLog = 0;
		};
		F3D040E9B448C2AE031FBDA2 /* [CP] Check Pods Manifest.lock */ = {
			isa = PBXShellScriptBuildPhase;
			buildActionMask = 2147483647;
			files = (
			);
			inputFileListPaths = (
			);
			inputPaths = (
				"${PODS_PODFILE_DIR_PATH}/Podfile.lock",
				"${PODS_ROOT}/Manifest.lock",
			);
			name = "[CP] Check Pods Manifest.lock";
			outputFileListPaths = (
			);
			outputPaths = (
				"$(DERIVED_FILE_DIR)/Pods-GithubPublicRepositories-checkManifestLockResult.txt",
			);
			runOnlyForDeploymentPostprocessing = 0;
			shellPath = /bin/sh;
			shellScript = "diff \"${PODS_PODFILE_DIR_PATH}/Podfile.lock\" \"${PODS_ROOT}/Manifest.lock\" > /dev/null\nif [ $? != 0 ] ; then\n    # print error to STDERR\n    echo \"error: The sandbox is not in sync with the Podfile.lock. Run 'pod install' or update your CocoaPods installation.\" >&2\n    exit 1\nfi\n# This output is used by Xcode 'outputs' to avoid re-running this script phase.\necho \"SUCCESS\" > \"${SCRIPT_OUTPUT_FILE_0}\"\n";
			showEnvVarsInLog = 0;
		};
/* End PBXShellScriptBuildPhase section */

/* Begin PBXSourcesBuildPhase section */
		A8F13C8025B8037B003DFA9A /* Sources */ = {
			isa = PBXSourcesBuildPhase;
			buildActionMask = 2147483647;
			files = (
				A8F13C8C25B8037B003DFA9A /* ViewController.swift in Sources */,
				A8F13C8825B8037B003DFA9A /* AppDelegate.swift in Sources */,
				A8F13C8A25B8037B003DFA9A /* SceneDelegate.swift in Sources */,
			);
			runOnlyForDeploymentPostprocessing = 0;
		};
/* End PBXSourcesBuildPhase section */

/* Begin PBXVariantGroup section */
		A8F13C8D25B8037B003DFA9A /* Main.storyboard */ = {
			isa = PBXVariantGroup;
			children = (
				A8F13C8E25B8037B003DFA9A /* Base */,
			);
			name = Main.storyboard;
			sourceTree = "<group>";
		};
		A8F13C9225B8037B003DFA9A /* LaunchScreen.storyboard */ = {
			isa = PBXVariantGroup;
			children = (
				A8F13C9325B8037B003DFA9A /* Base */,
			);
			name = LaunchScreen.storyboard;
			sourceTree = "<group>";
		};
/* End PBXVariantGroup section */

/* Begin XCBuildConfiguration section */
		A8F13C9625B8037B003DFA9A /* Debug */ = {
			isa = XCBuildConfiguration;
			buildSettings = {
				ALWAYS_SEARCH_USER_PATHS = NO;
				CLANG_ANALYZER_NONNULL = YES;
				CLANG_ANALYZER_NUMBER_OBJECT_CONVERSION = YES_AGGRESSIVE;
				CLANG_CXX_LANGUAGE_STANDARD = "gnu++14";
				CLANG_CXX_LIBRARY = "libc++";
				CLANG_ENABLE_MODULES = YES;
				CLANG_ENABLE_OBJC_ARC = YES;
				CLANG_ENABLE_OBJC_WEAK = YES;
				CLANG_WARN_BLOCK_CAPTURE_AUTORELEASING = YES;
				CLANG_WARN_BOOL_CONVERSION = YES;
				CLANG_WARN_COMMA = YES;
				CLANG_WARN_CONSTANT_CONVERSION = YES;
				CLANG_WARN_DEPRECATED_OBJC_IMPLEMENTATIONS = YES;
				CLANG_WARN_DIRECT_OBJC_ISA_USAGE = YES_ERROR;
				CLANG_WARN_DOCUMENTATION_COMMENTS = YES;
				CLANG_WARN_EMPTY_BODY = YES;
				CLANG_WARN_ENUM_CONVERSION = YES;
				CLANG_WARN_INFINITE_RECURSION = YES;
				CLANG_WARN_INT_CONVERSION = YES;
				CLANG_WARN_NON_LITERAL_NULL_CONVERSION = YES;
				CLANG_WARN_OBJC_IMPLICIT_RETAIN_SELF = YES;
				CLANG_WARN_OBJC_LITERAL_CONVERSION = YES;
				CLANG_WARN_OBJC_ROOT_CLASS = YES_ERROR;
				CLANG_WARN_QUOTED_INCLUDE_IN_FRAMEWORK_HEADER = YES;
				CLANG_WARN_RANGE_LOOP_ANALYSIS = YES;
				CLANG_WARN_STRICT_PROTOTYPES = YES;
				CLANG_WARN_SUSPICIOUS_MOVE = YES;
				CLANG_WARN_UNGUARDED_AVAILABILITY = YES_AGGRESSIVE;
				CLANG_WARN_UNREACHABLE_CODE = YES;
				CLANG_WARN__DUPLICATE_METHOD_MATCH = YES;
				COPY_PHASE_STRIP = NO;
				DEBUG_INFORMATION_FORMAT = dwarf;
				ENABLE_STRICT_OBJC_MSGSEND = YES;
				ENABLE_TESTABILITY = YES;
				GCC_C_LANGUAGE_STANDARD = gnu11;
				GCC_DYNAMIC_NO_PIC = NO;
				GCC_NO_COMMON_BLOCKS = YES;
				GCC_OPTIMIZATION_LEVEL = 0;
				GCC_PREPROCESSOR_DEFINITIONS = (
					"DEBUG=1",
					"$(inherited)",
				);
				GCC_WARN_64_TO_32_BIT_CONVERSION = YES;
				GCC_WARN_ABOUT_RETURN_TYPE = YES_ERROR;
				GCC_WARN_UNDECLARED_SELECTOR = YES;
				GCC_WARN_UNINITIALIZED_AUTOS = YES_AGGRESSIVE;
				GCC_WARN_UNUSED_FUNCTION = YES;
				GCC_WARN_UNUSED_VARIABLE = YES;
				IPHONEOS_DEPLOYMENT_TARGET = 14.3;
				MTL_ENABLE_DEBUG_INFO = INCLUDE_SOURCE;
				MTL_FAST_MATH = YES;
				ONLY_ACTIVE_ARCH = YES;
				SDKROOT = iphoneos;
				SWIFT_ACTIVE_COMPILATION_CONDITIONS = DEBUG;
				SWIFT_OPTIMIZATION_LEVEL = "-Onone";
			};
			name = Debug;
		};
		A8F13C9725B8037B003DFA9A /* Release */ = {
			isa = XCBuildConfiguration;
			buildSettings = {
				ALWAYS_SEARCH_USER_PATHS = NO;
				CLANG_ANALYZER_NONNULL = YES;
				CLANG_ANALYZER_NUMBER_OBJECT_CONVERSION = YES_AGGRESSIVE;
				CLANG_CXX_LANGUAGE_STANDARD = "gnu++14";
				CLANG_CXX_LIBRARY = "libc++";
				CLANG_ENABLE_MODULES = YES;
				CLANG_ENABLE_OBJC_ARC = YES;
				CLANG_ENABLE_OBJC_WEAK = YES;
				CLANG_WARN_BLOCK_CAPTURE_AUTORELEASING = YES;
				CLANG_WARN_BOOL_CONVERSION = YES;
				CLANG_WARN_COMMA = YES;
				CLANG_WARN_CONSTANT_CONVERSION = YES;
				CLANG_WARN_DEPRECATED_OBJC_IMPLEMENTATIONS = YES;
				CLANG_WARN_DIRECT_OBJC_ISA_USAGE = YES_ERROR;
				CLANG_WARN_DOCUMENTATION_COMMENTS = YES;
				CLANG_WARN_EMPTY_BODY = YES;
				CLANG_WARN_ENUM_CONVERSION = YES;
				CLANG_WARN_INFINITE_RECURSION = YES;
				CLANG_WARN_INT_CONVERSION = YES;
				CLANG_WARN_NON_LITERAL_NULL_CONVERSION = YES;
				CLANG_WARN_OBJC_IMPLICIT_RETAIN_SELF = YES;
				CLANG_WARN_OBJC_LITERAL_CONVERSION = YES;
				CLANG_WARN_OBJC_ROOT_CLASS = YES_ERROR;
				CLANG_WARN_QUOTED_INCLUDE_IN_FRAMEWORK_HEADER = YES;
				CLANG_WARN_RANGE_LOOP_ANALYSIS = YES;
				CLANG_WARN_STRICT_PROTOTYPES = YES;
				CLANG_WARN_SUSPICIOUS_MOVE = YES;
				CLANG_WARN_UNGUARDED_AVAILABILITY = YES_AGGRESSIVE;
				CLANG_WARN_UNREACHABLE_CODE = YES;
				CLANG_WARN__DUPLICATE_METHOD_MATCH = YES;
				COPY_PHASE_STRIP = NO;
				DEBUG_INFORMATION_FORMAT = "dwarf-with-dsym";
				ENABLE_NS_ASSERTIONS = NO;
				ENABLE_STRICT_OBJC_MSGSEND = YES;
				GCC_C_LANGUAGE_STANDARD = gnu11;
				GCC_NO_COMMON_BLOCKS = YES;
				GCC_WARN_64_TO_32_BIT_CONVERSION = YES;
				GCC_WARN_ABOUT_RETURN_TYPE = YES_ERROR;
				GCC_WARN_UNDECLARED_SELECTOR = YES;
				GCC_WARN_UNINITIALIZED_AUTOS = YES_AGGRESSIVE;
				GCC_WARN_UNUSED_FUNCTION = YES;
				GCC_WARN_UNUSED_VARIABLE = YES;
				IPHONEOS_DEPLOYMENT_TARGET = 14.3;
				MTL_ENABLE_DEBUG_INFO = NO;
				MTL_FAST_MATH = YES;
				SDKROOT = iphoneos;
				SWIFT_COMPILATION_MODE = wholemodule;
				SWIFT_OPTIMIZATION_LEVEL = "-O";
				VALIDATE_PRODUCT = YES;
			};
			name = Release;
		};
		A8F13C9925B8037B003DFA9A /* Debug */ = {
			isa = XCBuildConfiguration;
			baseConfigurationReference = C488305B88F5E7782C87A390 /* Pods-GithubPublicRepositories.debug.xcconfig */;
			buildSettings = {
				ASSETCATALOG_COMPILER_APPICON_NAME = AppIcon;
				ASSETCATALOG_COMPILER_GLOBAL_ACCENT_COLOR_NAME = AccentColor;
				CODE_SIGN_STYLE = Automatic;
				DEVELOPMENT_TEAM = YG4U6S73S9;
				INFOPLIST_FILE = GithubPublicRepositories/Info.plist;
				IPHONEOS_DEPLOYMENT_TARGET = 10.0;
				LD_RUNPATH_SEARCH_PATHS = (
					"$(inherited)",
					"@executable_path/Frameworks",
				);
				PRODUCT_BUNDLE_IDENTIFIER = com.sanyakam.GithubPublicRepositories;
				PRODUCT_NAME = "$(TARGET_NAME)";
				SWIFT_VERSION = 5.0;
				TARGETED_DEVICE_FAMILY = "1,2";
			};
			name = Debug;
		};
		A8F13C9A25B8037B003DFA9A /* Release */ = {
			isa = XCBuildConfiguration;
			baseConfigurationReference = E0B3798B76D894825E369C75 /* Pods-GithubPublicRepositories.release.xcconfig */;
			buildSettings = {
				ASSETCATALOG_COMPILER_APPICON_NAME = AppIcon;
				ASSETCATALOG_COMPILER_GLOBAL_ACCENT_COLOR_NAME = AccentColor;
				CODE_SIGN_STYLE = Automatic;
				DEVELOPMENT_TEAM = YG4U6S73S9;
				INFOPLIST_FILE = GithubPublicRepositories/Info.plist;
				IPHONEOS_DEPLOYMENT_TARGET = 10.0;
				LD_RUNPATH_SEARCH_PATHS = (
					"$(inherited)",
					"@executable_path/Frameworks",
				);
				PRODUCT_BUNDLE_IDENTIFIER = com.sanyakam.GithubPublicRepositories;
				PRODUCT_NAME = "$(TARGET_NAME)";
				SWIFT_VERSION = 5.0;
				TARGETED_DEVICE_FAMILY = "1,2";
			};
			name = Release;
		};
/* End XCBuildConfiguration section */

/* Begin XCConfigurationList section */
		A8F13C7F25B8037B003DFA9A /* Build configuration list for PBXProject "GithubPublicRepositories" */ = {
			isa = XCConfigurationList;
			buildConfigurations = (
				A8F13C9625B8037B003DFA9A /* Debug */,
				A8F13C9725B8037B003DFA9A /* Release */,
			);
			defaultConfigurationIsVisible = 0;
			defaultConfigurationName = Release;
		};
		A8F13C9825B8037B003DFA9A /* Build configuration list for PBXNativeTarget "GithubPublicRepositories" */ = {
			isa = XCConfigurationList;
			buildConfigurations = (
				A8F13C9925B8037B003DFA9A /* Debug */,
				A8F13C9A25B8037B003DFA9A /* Release */,
			);
			defaultConfigurationIsVisible = 0;
			defaultConfigurationName = Release;
		};
/* End XCConfigurationList section */
	};
	rootObject = A8F13C7C25B8037B003DFA9A /* Project object */;
}
